
Microsoft Visual Studio Solution File, Format Version 12.00
# Visual Studio Version 16
VisualStudioVersion = 16.0.34031.81
MinimumVisualStudioVersion = 10.0.40219.1
Project("{FAE04EC0-301F-11D3-BF4B-00C04F79EFBC}") = "CarProject", "CarProject\CarProject.csproj", "{C2D65CDD-2DC8-4B91-9348-338D0691ED5D}"
EndProject
Global
	GlobalSection(SolutionConfigurationPlatforms) = preSolution
		Debug|Any CPU = Debug|Any CPU
		Release|Any CPU = Release|Any CPU
	EndGlobalSection
	GlobalSection(ProjectConfigurationPlatforms) = postSolution
		{C2D65CDD-2DC8-4B91-9348-338D0691ED5D}.Debug|Any CPU.ActiveCfg = Debug|Any CPU
		{C2D65CDD-2DC8-4B91-9348-338D0691ED5D}.Debug|Any CPU.Build.0 = Debug|Any CPU
		{C2D65CDD-2DC8-4B91-9348-338D0691ED5D}.Release|Any CPU.ActiveCfg = Release|Any CPU
		{C2D65CDD-2DC8-4B91-9348-338D0691ED5D}.Release|Any CPU.Build.0 = Release|Any CPU
	EndGlobalSection
	GlobalSection(SolutionProperties) = preSolution
		HideSolutionNode = FALSE
	EndGlobalSection
	GlobalSection(ExtensibilityGlobals) = postSolution
		SolutionGuid = {F419C705-6031-4452-A69A-93DD5BECAF47}
	EndGlobalSection
EndGlobal
